
Microsoft Visual Studio Solution File, Format Version 12.00
# Visual Studio Version 17
VisualStudioVersion = 17.0.32014.148
MinimumVisualStudioVersion = 10.0.40219.1
Project("{9A19103F-16F7-4668-BE54-9A1E7A4F7556}") = "OrioksDecorator", "src\OrioksDecorator\OrioksDecorator.csproj", "{7A259D32-C41E-41E8-AAB4-E3F0EC89F08D}"
EndProject
Global
	GlobalSection(SolutionConfigurationPlatforms) = preSolution
		Debug|Any CPU = Debug|Any CPU
		Release|Any CPU = Release|Any CPU
	EndGlobalSection
	GlobalSection(ProjectConfigurationPlatforms) = postSolution
		{7A259D32-C41E-41E8-AAB4-E3F0EC89F08D}.Debug|Any CPU.ActiveCfg = Debug|Any CPU
		{7A259D32-C41E-41E8-AAB4-E3F0EC89F08D}.Debug|Any CPU.Build.0 = Debug|Any CPU
		{7A259D32-C41E-41E8-AAB4-E3F0EC89F08D}.Release|Any CPU.ActiveCfg = Release|Any CPU
		{7A259D32-C41E-41E8-AAB4-E3F0EC89F08D}.Release|Any CPU.Build.0 = Release|Any CPU
	EndGlobalSection
	GlobalSection(SolutionProperties) = preSolution
		HideSolutionNode = FALSE
	EndGlobalSection
	GlobalSection(ExtensibilityGlobals) = postSolution
		SolutionGuid = {3D64A751-B15A-4F67-96C0-2BB0B41B08C3}
	EndGlobalSection
EndGlobal
